
Microsoft Visual Studio Solution File, Format Version 12.00
# Visual Studio 2012
Project("{2150E333-8FDC-42A3-9474-1A3956D46DE8}") = "Common", "Common", "{5A6E3014-2B92-40CC-B06C-9734F5EE409D}"
EndProject
Project("{2150E333-8FDC-42A3-9474-1A3956D46DE8}") = "Documents", "Documents", "{D1400528-5543-4F5C-86E6-BECA8B424115}"
	ProjectSection(SolutionItems) = preProject
		Documents\使用说明.txt = Documents\使用说明.txt
	EndProjectSection
EndProject
Project("{2150E333-8FDC-42A3-9474-1A3956D46DE8}") = "Facade", "Facade", "{D8DCA2C7-266C-4399-9E8A-8E39C7277DE8}"
EndProject
Project("{2150E333-8FDC-42A3-9474-1A3956D46DE8}") = "Kernel", "Kernel", "{5E6E2A05-BF59-4218-B48F-23D46327F4CB}"
EndProject
Project("{2150E333-8FDC-42A3-9474-1A3956D46DE8}") = "Logic", "Logic", "{4BAB4CBC-0DA9-4C21-BCD5-601A03B59EAE}"
EndProject
Project("{2150E333-8FDC-42A3-9474-1A3956D46DE8}") = "Model", "Model", "{BF0DF099-E64F-4426-B493-FF189091950A}"
EndProject
Project("{2150E333-8FDC-42A3-9474-1A3956D46DE8}") = "Tests", "Tests", "{A3F7D87D-38CC-4AB3-AB6E-6C38E67710F0}"
EndProject
Project("{2150E333-8FDC-42A3-9474-1A3956D46DE8}") = "UI", "UI", "{412F896D-D057-442A-9DEE-8AFB346AB8D3}"
EndProject
Project("{FAE04EC0-301F-11D3-BF4B-00C04F79EFBC}") = "Library.Common", "Common\Library.Common\Library.Common.csproj", "{C4D6899E-8134-4136-9B12-0E0FA2315C9F}"
EndProject
Project("{FAE04EC0-301F-11D3-BF4B-00C04F79EFBC}") = "Library.StringItemDict", "Common\Library.StringItemDict\Library.StringItemDict.csproj", "{A920A461-FE3F-49BB-9C03-9EE54114AEDB}"
EndProject
Project("{FAE04EC0-301F-11D3-BF4B-00C04F79EFBC}") = "Library.Kernel.DataBaseHelper", "Kernel\Library.Kernel.DataBaseHelper\Library.Kernel.DataBaseHelper.csproj", "{E4FD7FE4-49F4-4364-BC5A-7692B93C1380}"
EndProject
Project("{FAE04EC0-301F-11D3-BF4B-00C04F79EFBC}") = "Library.Models", "Model\Library.Models\Library.Models.csproj", "{CEA87F81-1719-45CA-945D-F9FEE2346E62}"
EndProject
Project("{FAE04EC0-301F-11D3-BF4B-00C04F79EFBC}") = "Library.Logic.DAL", "Logic\Library.Logic.DAL\Library.Logic.DAL.csproj", "{0685358C-33EF-4F72-9BA1-535F17CAF00A}"
EndProject
Project("{FAE04EC0-301F-11D3-BF4B-00C04F79EFBC}") = "Library.Logic.DALTests", "Tests\Library.Logic.DALTests\Library.Logic.DALTests.csproj", "{BDE0F5D9-B8BE-41E9-80AD-D6B99492EE33}"
EndProject
Project("{FAE04EC0-301F-11D3-BF4B-00C04F79EFBC}") = "MvcApp", "UI\MvcApp\MvcApp.csproj", "{4D014BAF-20BB-4F4B-BA5A-E1B02F61A44A}"
EndProject
Global
	GlobalSection(SolutionConfigurationPlatforms) = preSolution
		Debug|Any CPU = Debug|Any CPU
		Release|Any CPU = Release|Any CPU
	EndGlobalSection
	GlobalSection(ProjectConfigurationPlatforms) = postSolution
		{C4D6899E-8134-4136-9B12-0E0FA2315C9F}.Debug|Any CPU.ActiveCfg = Debug|Any CPU
		{C4D6899E-8134-4136-9B12-0E0FA2315C9F}.Debug|Any CPU.Build.0 = Debug|Any CPU
		{C4D6899E-8134-4136-9B12-0E0FA2315C9F}.Release|Any CPU.ActiveCfg = Release|Any CPU
		{C4D6899E-8134-4136-9B12-0E0FA2315C9F}.Release|Any CPU.Build.0 = Release|Any CPU
		{A920A461-FE3F-49BB-9C03-9EE54114AEDB}.Debug|Any CPU.ActiveCfg = Debug|Any CPU
		{A920A461-FE3F-49BB-9C03-9EE54114AEDB}.Debug|Any CPU.Build.0 = Debug|Any CPU
		{A920A461-FE3F-49BB-9C03-9EE54114AEDB}.Release|Any CPU.ActiveCfg = Release|Any CPU
		{A920A461-FE3F-49BB-9C03-9EE54114AEDB}.Release|Any CPU.Build.0 = Release|Any CPU
		{E4FD7FE4-49F4-4364-BC5A-7692B93C1380}.Debug|Any CPU.ActiveCfg = Debug|Any CPU
		{E4FD7FE4-49F4-4364-BC5A-7692B93C1380}.Debug|Any CPU.Build.0 = Debug|Any CPU
		{E4FD7FE4-49F4-4364-BC5A-7692B93C1380}.Release|Any CPU.ActiveCfg = Release|Any CPU
		{E4FD7FE4-49F4-4364-BC5A-7692B93C1380}.Release|Any CPU.Build.0 = Release|Any CPU
		{CEA87F81-1719-45CA-945D-F9FEE2346E62}.Debug|Any CPU.ActiveCfg = Debug|Any CPU
		{CEA87F81-1719-45CA-945D-F9FEE2346E62}.Debug|Any CPU.Build.0 = Debug|Any CPU
		{CEA87F81-1719-45CA-945D-F9FEE2346E62}.Release|Any CPU.ActiveCfg = Release|Any CPU
		{CEA87F81-1719-45CA-945D-F9FEE2346E62}.Release|Any CPU.Build.0 = Release|Any CPU
		{0685358C-33EF-4F72-9BA1-535F17CAF00A}.Debug|Any CPU.ActiveCfg = Debug|Any CPU
		{0685358C-33EF-4F72-9BA1-535F17CAF00A}.Debug|Any CPU.Build.0 = Debug|Any CPU
		{0685358C-33EF-4F72-9BA1-535F17CAF00A}.Release|Any CPU.ActiveCfg = Release|Any CPU
		{0685358C-33EF-4F72-9BA1-535F17CAF00A}.Release|Any CPU.Build.0 = Release|Any CPU
		{BDE0F5D9-B8BE-41E9-80AD-D6B99492EE33}.Debug|Any CPU.ActiveCfg = Debug|Any CPU
		{BDE0F5D9-B8BE-41E9-80AD-D6B99492EE33}.Debug|Any CPU.Build.0 = Debug|Any CPU
		{BDE0F5D9-B8BE-41E9-80AD-D6B99492EE33}.Release|Any CPU.ActiveCfg = Release|Any CPU
		{BDE0F5D9-B8BE-41E9-80AD-D6B99492EE33}.Release|Any CPU.Build.0 = Release|Any CPU
		{4D014BAF-20BB-4F4B-BA5A-E1B02F61A44A}.Debug|Any CPU.ActiveCfg = Debug|Any CPU
		{4D014BAF-20BB-4F4B-BA5A-E1B02F61A44A}.Debug|Any CPU.Build.0 = Debug|Any CPU
		{4D014BAF-20BB-4F4B-BA5A-E1B02F61A44A}.Release|Any CPU.ActiveCfg = Release|Any CPU
		{4D014BAF-20BB-4F4B-BA5A-E1B02F61A44A}.Release|Any CPU.Build.0 = Release|Any CPU
	EndGlobalSection
	GlobalSection(SolutionProperties) = preSolution
		HideSolutionNode = FALSE
	EndGlobalSection
	GlobalSection(NestedProjects) = preSolution
		{C4D6899E-8134-4136-9B12-0E0FA2315C9F} = {5A6E3014-2B92-40CC-B06C-9734F5EE409D}
		{A920A461-FE3F-49BB-9C03-9EE54114AEDB} = {5A6E3014-2B92-40CC-B06C-9734F5EE409D}
		{E4FD7FE4-49F4-4364-BC5A-7692B93C1380} = {5E6E2A05-BF59-4218-B48F-23D46327F4CB}
		{0685358C-33EF-4F72-9BA1-535F17CAF00A} = {4BAB4CBC-0DA9-4C21-BCD5-601A03B59EAE}
		{CEA87F81-1719-45CA-945D-F9FEE2346E62} = {BF0DF099-E64F-4426-B493-FF189091950A}
		{BDE0F5D9-B8BE-41E9-80AD-D6B99492EE33} = {A3F7D87D-38CC-4AB3-AB6E-6C38E67710F0}
		{4D014BAF-20BB-4F4B-BA5A-E1B02F61A44A} = {412F896D-D057-442A-9DEE-8AFB346AB8D3}
	EndGlobalSection
EndGlobal
